// !$*UTF8*$!
{
	archiveVersion = 1;
	classes = {
	};
	objectVersion = 56;
	objects = {

/* Begin PBXBuildFile section */
		E802AFAA293A359F006E908E /* CircleImage.swift in Sources */ = {isa = PBXBuildFile; fileRef = E802AFA9293A359F006E908E /* CircleImage.swift */; };
		E802AFAC293A3642006E908E /* MapView.swift in Sources */ = {isa = PBXBuildFile; fileRef = E802AFAB293A3642006E908E /* MapView.swift */; };
		E842A6CD293B370F00F26B27 /* landmarkData.json in Resources */ = {isa = PBXBuildFile; fileRef = E842A6CC293B370F00F26B27 /* landmarkData.json */; };
		E842A6CF293B375B00F26B27 /* Landmark.swift in Sources */ = {isa = PBXBuildFile; fileRef = E842A6CE293B375B00F26B27 /* Landmark.swift */; };
		E842A6D1293B3C3700F26B27 /* ModelData.swift in Sources */ = {isa = PBXBuildFile; fileRef = E842A6D0293B3C3700F26B27 /* ModelData.swift */; };
		E842A6D6293B3EBC00F26B27 /* LandmarkRow.swift in Sources */ = {isa = PBXBuildFile; fileRef = E842A6D5293B3EBC00F26B27 /* LandmarkRow.swift */; };
		E842A6D8293B41A700F26B27 /* LandmarkList.swift in Sources */ = {isa = PBXBuildFile; fileRef = E842A6D7293B41A700F26B27 /* LandmarkList.swift */; };
		E842A6DA293B459200F26B27 /* LandmarkDetail.swift in Sources */ = {isa = PBXBuildFile; fileRef = E842A6D9293B459200F26B27 /* LandmarkDetail.swift */; };
		E89511E22938DB4200FCC885 /* LandmarksApp.swift in Sources */ = {isa = PBXBuildFile; fileRef = E89511E12938DB4200FCC885 /* LandmarksApp.swift */; };
		E89511E42938DB4200FCC885 /* ContentView.swift in Sources */ = {isa = PBXBuildFile; fileRef = E89511E32938DB4200FCC885 /* ContentView.swift */; };
		E89511E62938DB4300FCC885 /* Assets.xcassets in Resources */ = {isa = PBXBuildFile; fileRef = E89511E52938DB4300FCC885 /* Assets.xcassets */; };
		E89511E92938DB4300FCC885 /* Preview Assets.xcassets in Resources */ = {isa = PBXBuildFile; fileRef = E89511E82938DB4300FCC885 /* Preview Assets.xcassets */; };
/* End PBXBuildFile section */

/* Begin PBXFileReference section */
		E802AFA9293A359F006E908E /* CircleImage.swift */ = {isa = PBXFileReference; lastKnownFileType = sourcecode.swift; path = CircleImage.swift; sourceTree = "<group>"; };
		E802AFAB293A3642006E908E /* MapView.swift */ = {isa = PBXFileReference; lastKnownFileType = sourcecode.swift; path = MapView.swift; sourceTree = "<group>"; };
		E842A6CC293B370F00F26B27 /* landmarkData.json */ = {isa = PBXFileReference; fileEncoding = 4; lastKnownFileType = text.json; path = landmarkData.json; sourceTree = "<group>"; };
		E842A6CE293B375B00F26B27 /* Landmark.swift */ = {isa = PBXFileReference; lastKnownFileType = sourcecode.swift; path = Landmark.swift; sourceTree = "<group>"; };
		E842A6D0293B3C3700F26B27 /* ModelData.swift */ = {isa = PBXFileReference; lastKnownFileType = sourcecode.swift; path = ModelData.swift; sourceTree = "<group>"; };
		E842A6D5293B3EBC00F26B27 /* LandmarkRow.swift */ = {isa = PBXFileReference; lastKnownFileType = sourcecode.swift; path = LandmarkRow.swift; sourceTree = "<group>"; };
		E842A6D7293B41A700F26B27 /* LandmarkList.swift */ = {isa = PBXFileReference; lastKnownFileType = sourcecode.swift; path = LandmarkList.swift; sourceTree = "<group>"; };
		E842A6D9293B459200F26B27 /* LandmarkDetail.swift */ = {isa = PBXFileReference; lastKnownFileType = sourcecode.swift; path = LandmarkDetail.swift; sourceTree = "<group>"; };
		E89511DE2938DB4200FCC885 /* Landmarks.app */ = {isa = PBXFileReference; explicitFileType = wrapper.application; includeInIndex = 0; path = Landmarks.app; sourceTree = BUILT_PRODUCTS_DIR; };
		E89511E12938DB4200FCC885 /* LandmarksApp.swift */ = {isa = PBXFileReference; lastKnownFileType = sourcecode.swift; path = LandmarksApp.swift; sourceTree = "<group>"; };
		E89511E32938DB4200FCC885 /* ContentView.swift */ = {isa = PBXFileReference; lastKnownFileType = sourcecode.swift; path = ContentView.swift; sourceTree = "<group>"; };
		E89511E52938DB4300FCC885 /* Assets.xcassets */ = {isa = PBXFileReference; lastKnownFileType = folder.assetcatalog; path = Assets.xcassets; sourceTree = "<group>"; };
		E89511E82938DB4300FCC885 /* Preview Assets.xcassets */ = {isa = PBXFileReference; lastKnownFileType = folder.assetcatalog; path = "Preview Assets.xcassets"; sourceTree = "<group>"; };
/* End PBXFileReference section */

/* Begin PBXFrameworksBuildPhase section */
		E89511DB2938DB4200FCC885 /* Frameworks */ = {
			isa = PBXFrameworksBuildPhase;
			buildActionMask = 2147483647;
			files = (
			);
			runOnlyForDeploymentPostprocessing = 0;
		};
/* End PBXFrameworksBuildPhase section */

/* Begin PBXGroup section */
		E842A6D2293B3DEA00F26B27 /* Views */ = {
			isa = PBXGroup;
			children = (
				E89511E32938DB4200FCC885 /* ContentView.swift */,
				E802AFA9293A359F006E908E /* CircleImage.swift */,
				E802AFAB293A3642006E908E /* MapView.swift */,
				E842A6D5293B3EBC00F26B27 /* LandmarkRow.swift */,
				E842A6D7293B41A700F26B27 /* LandmarkList.swift */,
				E842A6D9293B459200F26B27 /* LandmarkDetail.swift */,
			);
			path = Views;
			sourceTree = "<group>";
		};
		E842A6D3293B3E0400F26B27 /* Model */ = {
			isa = PBXGroup;
			children = (
				E842A6CE293B375B00F26B27 /* Landmark.swift */,
				E842A6D0293B3C3700F26B27 /* ModelData.swift */,
			);
			path = Model;
			sourceTree = "<group>";
		};
		E842A6D4293B3E6200F26B27 /* Resources */ = {
			isa = PBXGroup;
			children = (
				E842A6CC293B370F00F26B27 /* landmarkData.json */,
			);
			path = Resources;
			sourceTree = "<group>";
		};
		E89511D52938DB4200FCC885 = {
			isa = PBXGroup;
			children = (
				E89511E02938DB4200FCC885 /* Landmarks */,
				E89511DF2938DB4200FCC885 /* Products */,
			);
			sourceTree = "<group>";
		};
		E89511DF2938DB4200FCC885 /* Products */ = {
			isa = PBXGroup;
			children = (
				E89511DE2938DB4200FCC885 /* Landmarks.app */,
			);
			name = Products;
			sourceTree = "<group>";
		};
		E89511E02938DB4200FCC885 /* Landmarks */ = {
			isa = PBXGroup;
			children = (
				E89511E12938DB4200FCC885 /* LandmarksApp.swift */,
				E842A6D3293B3E0400F26B27 /* Model */,
				E842A6D2293B3DEA00F26B27 /* Views */,
				E842A6D4293B3E6200F26B27 /* Resources */,
				E89511E52938DB4300FCC885 /* Assets.xcassets */,
				E89511E72938DB4300FCC885 /* Preview Content */,
			);
			path = Landmarks;
			sourceTree = "<group>";
		};
		E89511E72938DB4300FCC885 /* Preview Content */ = {
			isa = PBXGroup;
			children = (
				E89511E82938DB4300FCC885 /* Preview Assets.xcassets */,
			);
			path = "Preview Content";
			sourceTree = "<group>";
		};
/* End PBXGroup section */

/* Begin PBXNativeTarget section */
		E89511DD2938DB4200FCC885 /* Landmarks */ = {
			isa = PBXNativeTarget;
			buildConfigurationList = E89511EC2938DB4300FCC885 /* Build configuration list for PBXNativeTarget "Landmarks" */;
			buildPhases = (
				E89511DA2938DB4200FCC885 /* Sources */,
				E89511DB2938DB4200FCC885 /* Frameworks */,
				E89511DC2938DB4200FCC885 /* Resources */,
			);
			buildRules = (
			);
			dependencies = (
			);
			name = Landmarks;
			productName = Landmarks;
			productReference = E89511DE2938DB4200FCC885 /* Landmarks.app */;
			productType = "com.apple.product-type.application";
		};
/* End PBXNativeTarget section */

/* Begin PBXProject section */
		E89511D62938DB4200FCC885 /* Project object */ = {
			isa = PBXProject;
			attributes = {
				BuildIndependentTargetsInParallel = 1;
				LastSwiftUpdateCheck = 1410;
				LastUpgradeCheck = 1410;
				TargetAttributes = {
					E89511DD2938DB4200FCC885 = {
						CreatedOnToolsVersion = 14.1;
					};
				};
			};
			buildConfigurationList = E89511D92938DB4200FCC885 /* Build configuration list for PBXProject "Landmarks" */;
			compatibilityVersion = "Xcode 14.0";
			developmentRegion = en;
			hasScannedForEncodings = 0;
			knownRegions = (
				en,
				Base,
			);
			mainGroup = E89511D52938DB4200FCC885;
			productRefGroup = E89511DF2938DB4200FCC885 /* Products */;
			projectDirPath = "";
			projectRoot = "";
			targets = (
				E89511DD2938DB4200FCC885 /* Landmarks */,
			);
		};
/* End PBXProject section */

/* Begin PBXResourcesBuildPhase section */
		E89511DC2938DB4200FCC885 /* Resources */ = {
			isa = PBXResourcesBuildPhase;
			buildActionMask = 2147483647;
			files = (
				E89511E92938DB4300FCC885 /* Preview Assets.xcassets in Resources */,
				E89511E62938DB4300FCC885 /* Assets.xcassets in Resources */,
				E842A6CD293B370F00F26B27 /* landmarkData.json in Resources */,
			);
			runOnlyForDeploymentPostprocessing = 0;
		};
/* End PBXResourcesBuildPhase section */

/* Begin PBXSourcesBuildPhase section */
		E89511DA2938DB4200FCC885 /* Sources */ = {
			isa = PBXSourcesBuildPhase;
			buildActionMask = 2147483647;
			files = (
				E89511E42938DB4200FCC885 /* ContentView.swift in Sources */,
				E802AFAC293A3642006E908E /* MapView.swift in Sources */,
				E89511E22938DB4200FCC885 /* LandmarksApp.swift in Sources */,
				E842A6D8293B41A700F26B27 /* LandmarkList.swift in Sources */,
				E842A6DA293B459200F26B27 /* LandmarkDetail.swift in Sources */,
				E802AFAA293A359F006E908E /* CircleImage.swift in Sources */,
				E842A6CF293B375B00F26B27 /* Landmark.swift in Sources */,
				E842A6D6293B3EBC00F26B27 /* LandmarkRow.swift in Sources */,
				E842A6D1293B3C3700F26B27 /* ModelData.swift in Sources */,
			);
			runOnlyForDeploymentPostprocessing = 0;
		};
/* End PBXSourcesBuildPhase section */

/* Begin XCBuildConfiguration section */
		E89511EA2938DB4300FCC885 /* Debug */ = {
			isa = XCBuildConfiguration;
			buildSettings = {
				ALWAYS_SEARCH_USER_PATHS = NO;
				CLANG_ANALYZER_NONNULL = YES;
				CLANG_ANALYZER_NUMBER_OBJECT_CONVERSION = YES_AGGRESSIVE;
				CLANG_CXX_LANGUAGE_STANDARD = "gnu++20";
				CLANG_ENABLE_MODULES = YES;
				CLANG_ENABLE_OBJC_ARC = YES;
				CLANG_ENABLE_OBJC_WEAK = YES;
				CLANG_WARN_BLOCK_CAPTURE_AUTORELEASING = YES;
				CLANG_WARN_BOOL_CONVERSION = YES;
				CLANG_WARN_COMMA = YES;
				CLANG_WARN_CONSTANT_CONVERSION = YES;
				CLANG_WARN_DEPRECATED_OBJC_IMPLEMENTATIONS = YES;
				CLANG_WARN_DIRECT_OBJC_ISA_USAGE = YES_ERROR;
				CLANG_WARN_DOCUMENTATION_COMMENTS = YES;
				CLANG_WARN_EMPTY_BODY = YES;
				CLANG_WARN_ENUM_CONVERSION = YES;
				CLANG_WARN_INFINITE_RECURSION = YES;
				CLANG_WARN_INT_CONVERSION = YES;
				CLANG_WARN_NON_LITERAL_NULL_CONVERSION = YES;
				CLANG_WARN_OBJC_IMPLICIT_RETAIN_SELF = YES;
				CLANG_WARN_OBJC_LITERAL_CONVERSION = YES;
				CLANG_WARN_OBJC_ROOT_CLASS = YES_ERROR;
				CLANG_WARN_QUOTED_INCLUDE_IN_FRAMEWORK_HEADER = YES;
				CLANG_WARN_RANGE_LOOP_ANALYSIS = YES;
				CLANG_WARN_STRICT_PROTOTYPES = YES;
				CLANG_WARN_SUSPICIOUS_MOVE = YES;
				CLANG_WARN_UNGUARDED_AVAILABILITY = YES_AGGRESSIVE;
				CLANG_WARN_UNREACHABLE_CODE = YES;
				CLANG_WARN__DUPLICATE_METHOD_MATCH = YES;
				COPY_PHASE_STRIP = NO;
				DEBUG_INFORMATION_FORMAT = dwarf;
				ENABLE_STRICT_OBJC_MSGSEND = YES;
				ENABLE_TESTABILITY = YES;
				GCC_C_LANGUAGE_STANDARD = gnu11;
				GCC_DYNAMIC_NO_PIC = NO;
				GCC_NO_COMMON_BLOCKS = YES;
				GCC_OPTIMIZATION_LEVEL = 0;
				GCC_PREPROCESSOR_DEFINITIONS = (
					"DEBUG=1",
					"$(inherited)",
				);
				GCC_WARN_64_TO_32_BIT_CONVERSION = YES;
				GCC_WARN_ABOUT_RETURN_TYPE = YES_ERROR;
				GCC_WARN_UNDECLARED_SELECTOR = YES;
				GCC_WARN_UNINITIALIZED_AUTOS = YES_AGGRESSIVE;
				GCC_WARN_UNUSED_FUNCTION = YES;
				GCC_WARN_UNUSED_VARIABLE = YES;
				IPHONEOS_DEPLOYMENT_TARGET = 16.1;
				MTL_ENABLE_DEBUG_INFO = INCLUDE_SOURCE;
				MTL_FAST_MATH = YES;
				ONLY_ACTIVE_ARCH = YES;
				SDKROOT = iphoneos;
				SWIFT_ACTIVE_COMPILATION_CONDITIONS = DEBUG;
				SWIFT_OPTIMIZATION_LEVEL = "-Onone";
			};
			name = Debug;
		};
		E89511EB2938DB4300FCC885 /* Release */ = {
			isa = XCBuildConfiguration;
			buildSettings = {
				ALWAYS_SEARCH_USER_PATHS = NO;
				CLANG_ANALYZER_NONNULL = YES;
				CLANG_ANALYZER_NUMBER_OBJECT_CONVERSION = YES_AGGRESSIVE;
				CLANG_CXX_LANGUAGE_STANDARD = "gnu++20";
				CLANG_ENABLE_MODULES = YES;
				CLANG_ENABLE_OBJC_ARC = YES;
				CLANG_ENABLE_OBJC_WEAK = YES;
				CLANG_WARN_BLOCK_CAPTURE_AUTORELEASING = YES;
				CLANG_WARN_BOOL_CONVERSION = YES;
				CLANG_WARN_COMMA = YES;
				CLANG_WARN_CONSTANT_CONVERSION = YES;
				CLANG_WARN_DEPRECATED_OBJC_IMPLEMENTATIONS = YES;
				CLANG_WARN_DIRECT_OBJC_ISA_USAGE = YES_ERROR;
				CLANG_WARN_DOCUMENTATION_COMMENTS = YES;
				CLANG_WARN_EMPTY_BODY = YES;
				CLANG_WARN_ENUM_CONVERSION = YES;
				CLANG_WARN_INFINITE_RECURSION = YES;
				CLANG_WARN_INT_CONVERSION = YES;
				CLANG_WARN_NON_LITERAL_NULL_CONVERSION = YES;
				CLANG_WARN_OBJC_IMPLICIT_RETAIN_SELF = YES;
				CLANG_WARN_OBJC_LITERAL_CONVERSION = YES;
				CLANG_WARN_OBJC_ROOT_CLASS = YES_ERROR;
				CLANG_WARN_QUOTED_INCLUDE_IN_FRAMEWORK_HEADER = YES;
				CLANG_WARN_RANGE_LOOP_ANALYSIS = YES;
				CLANG_WARN_STRICT_PROTOTYPES = YES;
				CLANG_WARN_SUSPICIOUS_MOVE = YES;
				CLANG_WARN_UNGUARDED_AVAILABILITY = YES_AGGRESSIVE;
				CLANG_WARN_UNREACHABLE_CODE = YES;
				CLANG_WARN__DUPLICATE_METHOD_MATCH = YES;
				COPY_PHASE_STRIP = NO;
				DEBUG_INFORMATION_FORMAT = "dwarf-with-dsym";
				ENABLE_NS_ASSERTIONS = NO;
				ENABLE_STRICT_OBJC_MSGSEND = YES;
				GCC_C_LANGUAGE_STANDARD = gnu11;
				GCC_NO_COMMON_BLOCKS = YES;
				GCC_WARN_64_TO_32_BIT_CONVERSION = YES;
				GCC_WARN_ABOUT_RETURN_TYPE = YES_ERROR;
				GCC_WARN_UNDECLARED_SELECTOR = YES;
				GCC_WARN_UNINITIALIZED_AUTOS = YES_AGGRESSIVE;
				GCC_WARN_UNUSED_FUNCTION = YES;
				GCC_WARN_UNUSED_VARIABLE = YES;
				IPHONEOS_DEPLOYMENT_TARGET = 16.1;
				MTL_ENABLE_DEBUG_INFO = NO;
				MTL_FAST_MATH = YES;
				SDKROOT = iphoneos;
				SWIFT_COMPILATION_MODE = wholemodule;
				SWIFT_OPTIMIZATION_LEVEL = "-O";
				VALIDATE_PRODUCT = YES;
			};
			name = Release;
		};
		E89511ED2938DB4300FCC885 /* Debug */ = {
			isa = XCBuildConfiguration;
			buildSettings = {
				ASSETCATALOG_COMPILER_APPICON_NAME = AppIcon;
				ASSETCATALOG_COMPILER_GLOBAL_ACCENT_COLOR_NAME = AccentColor;
				CODE_SIGN_STYLE = Automatic;
				CURRENT_PROJECT_VERSION = 1;
				DEVELOPMENT_ASSET_PATHS = "\"Landmarks/Preview Content\"";
				ENABLE_PREVIEWS = YES;
				GENERATE_INFOPLIST_FILE = YES;
				INFOPLIST_KEY_UIApplicationSceneManifest_Generation = YES;
				INFOPLIST_KEY_UIApplicationSupportsIndirectInputEvents = YES;
				INFOPLIST_KEY_UILaunchScreen_Generation = YES;
				INFOPLIST_KEY_UISupportedInterfaceOrientations_iPad = "UIInterfaceOrientationPortrait UIInterfaceOrientationPortraitUpsideDown UIInterfaceOrientationLandscapeLeft UIInterfaceOrientationLandscapeRight";
				INFOPLIST_KEY_UISupportedInterfaceOrientations_iPhone = "UIInterfaceOrientationPortrait UIInterfaceOrientationLandscapeLeft UIInterfaceOrientationLandscapeRight";
				LD_RUNPATH_SEARCH_PATHS = (
					"$(inherited)",
					"@executable_path/Frameworks",
				);
				MARKETING_VERSION = 1.0;
				PRODUCT_BUNDLE_IDENTIFIER = com.jp.Landmarks;
				PRODUCT_NAME = "$(TARGET_NAME)";
				SWIFT_EMIT_LOC_STRINGS = YES;
				SWIFT_VERSION = 5.0;
				TARGETED_DEVICE_FAMILY = "1,2";
			};
			name = Debug;
		};
		E89511EE2938DB4300FCC885 /* Release */ = {
			isa = XCBuildConfiguration;
			buildSettings = {
				ASSETCATALOG_COMPILER_APPICON_NAME = AppIcon;
				ASSETCATALOG_COMPILER_GLOBAL_ACCENT_COLOR_NAME = AccentColor;
				CODE_SIGN_STYLE = Automatic;
				CURRENT_PROJECT_VERSION = 1;
				DEVELOPMENT_ASSET_PATHS = "\"Landmarks/Preview Content\"";
				ENABLE_PREVIEWS = YES;
				GENERATE_INFOPLIST_FILE = YES;
				INFOPLIST_KEY_UIApplicationSceneManifest_Generation = YES;
				INFOPLIST_KEY_UIApplicationSupportsIndirectInputEvents = YES;
				INFOPLIST_KEY_UILaunchScreen_Generation = YES;
				INFOPLIST_KEY_UISupportedInterfaceOrientations_iPad = "UIInterfaceOrientationPortrait UIInterfaceOrientationPortraitUpsideDown UIInterfaceOrientationLandscapeLeft UIInterfaceOrientationLandscapeRight";
				INFOPLIST_KEY_UISupportedInterfaceOrientations_iPhone = "UIInterfaceOrientationPortrait UIInterfaceOrientationLandscapeLeft UIInterfaceOrientationLandscapeRight";
				LD_RUNPATH_SEARCH_PATHS = (
					"$(inherited)",
					"@executable_path/Frameworks",
				);
				MARKETING_VERSION = 1.0;
				PRODUCT_BUNDLE_IDENTIFIER = com.jp.Landmarks;
				PRODUCT_NAME = "$(TARGET_NAME)";
				SWIFT_EMIT_LOC_STRINGS = YES;
				SWIFT_VERSION = 5.0;
				TARGETED_DEVICE_FAMILY = "1,2";
			};
			name = Release;
		};
/* End XCBuildConfiguration section */

/* Begin XCConfigurationList section */
		E89511D92938DB4200FCC885 /* Build configuration list for PBXProject "Landmarks" */ = {
			isa = XCConfigurationList;
			buildConfigurations = (
				E89511EA2938DB4300FCC885 /* Debug */,
				E89511EB2938DB4300FCC885 /* Release */,
			);
			defaultConfigurationIsVisible = 0;
			defaultConfigurationName = Release;
		};
		E89511EC2938DB4300FCC885 /* Build configuration list for PBXNativeTarget "Landmarks" */ = {
			isa = XCConfigurationList;
			buildConfigurations = (
				E89511ED2938DB4300FCC885 /* Debug */,
				E89511EE2938DB4300FCC885 /* Release */,
			);
			defaultConfigurationIsVisible = 0;
			defaultConfigurationName = Release;
		};
/* End XCConfigurationList section */
	};
	rootObject = E89511D62938DB4200FCC885 /* Project object */;
}
